// !$*UTF8*$!
{
	archiveVersion = 1;
	classes = {
	};
	objectVersion = 46;
	objects = {

/* Begin PBXBuildFile section */
		047E16DA190EACCF0058A0F7 /* Foundation.framework in Frameworks */ = {isa = PBXBuildFile; fileRef = 047E16D9190EACCF0058A0F7 /* Foundation.framework */; };
		047E16DC190EACCF0058A0F7 /* CoreGraphics.framework in Frameworks */ = {isa = PBXBuildFile; fileRef = 047E16DB190EACCF0058A0F7 /* CoreGraphics.framework */; };
		047E16DE190EACCF0058A0F7 /* UIKit.framework in Frameworks */ = {isa = PBXBuildFile; fileRef = 047E16DD190EACCF0058A0F7 /* UIKit.framework */; };
		047E16E4190EACCF0058A0F7 /* InfoPlist.strings in Resources */ = {isa = PBXBuildFile; fileRef = 047E16E2190EACCF0058A0F7 /* InfoPlist.strings */; };
		047E16E6190EACCF0058A0F7 /* main.m in Sources */ = {isa = PBXBuildFile; fileRef = 047E16E5190EACCF0058A0F7 /* main.m */; };
		047E16EA190EACCF0058A0F7 /* AlienTechAppDelegate.m in Sources */ = {isa = PBXBuildFile; fileRef = 047E16E9190EACCF0058A0F7 /* AlienTechAppDelegate.m */; };
		047E16ED190EACCF0058A0F7 /* Main.storyboard in Resources */ = {isa = PBXBuildFile; fileRef = 047E16EB190EACCF0058A0F7 /* Main.storyboard */; };
		047E16F0190EACCF0058A0F7 /* AlienTechViewController.m in Sources */ = {isa = PBXBuildFile; fileRef = 047E16EF190EACCF0058A0F7 /* AlienTechViewController.m */; };
		047E16F2190EACCF0058A0F7 /* Images.xcassets in Resources */ = {isa = PBXBuildFile; fileRef = 047E16F1190EACCF0058A0F7 /* Images.xcassets */; };
		047E16F9190EACCF0058A0F7 /* XCTest.framework in Frameworks */ = {isa = PBXBuildFile; fileRef = 047E16F8190EACCF0058A0F7 /* XCTest.framework */; };
		047E16FA190EACCF0058A0F7 /* Foundation.framework in Frameworks */ = {isa = PBXBuildFile; fileRef = 047E16D9190EACCF0058A0F7 /* Foundation.framework */; };
		047E16FB190EACCF0058A0F7 /* UIKit.framework in Frameworks */ = {isa = PBXBuildFile; fileRef = 047E16DD190EACCF0058A0F7 /* UIKit.framework */; };
		047E1703190EACCF0058A0F7 /* InfoPlist.strings in Resources */ = {isa = PBXBuildFile; fileRef = 047E1701190EACCF0058A0F7 /* InfoPlist.strings */; };
		047E1705190EACCF0058A0F7 /* UIAletViewTests.m in Sources */ = {isa = PBXBuildFile; fileRef = 047E1704190EACCF0058A0F7 /* UIAletViewTests.m */; };
/* End PBXBuildFile section */

/* Begin PBXContainerItemProxy section */
		047E16FC190EACCF0058A0F7 /* PBXContainerItemProxy */ = {
			isa = PBXContainerItemProxy;
			containerPortal = 047E16CE190EACCF0058A0F7 /* Project object */;
			proxyType = 1;
			remoteGlobalIDString = 047E16D5190EACCF0058A0F7;
			remoteInfo = HelloWorld;
		};
/* End PBXContainerItemProxy section */

/* Begin PBXFileReference section */
		047E16D6190EACCF0058A0F7 /* UIAlertView.app */ = {isa = PBXFileReference; explicitFileType = wrapper.application; includeInIndex = 0; path = UIAlertView.app; sourceTree = BUILT_PRODUCTS_DIR; };
		047E16D9190EACCF0058A0F7 /* Foundation.framework */ = {isa = PBXFileReference; lastKnownFileType = wrapper.framework; name = Foundation.framework; path = Library/Frameworks/Foundation.framework; sourceTree = DEVELOPER_DIR; };
		047E16DB190EACCF0058A0F7 /* CoreGraphics.framework */ = {isa = PBXFileReference; lastKnownFileType = wrapper.framework; name = CoreGraphics.framework; path = Library/Frameworks/CoreGraphics.framework; sourceTree = DEVELOPER_DIR; };
		047E16DD190EACCF0058A0F7 /* UIKit.framework */ = {isa = PBXFileReference; lastKnownFileType = wrapper.framework; name = UIKit.framework; path = Library/Frameworks/UIKit.framework; sourceTree = DEVELOPER_DIR; };
		047E16E1190EACCF0058A0F7 /* UIAlertView-Info.plist */ = {isa = PBXFileReference; lastKnownFileType = text.plist.xml; path = "UIAlertView-Info.plist"; sourceTree = "<group>"; };
		047E16E3190EACCF0058A0F7 /* en */ = {isa = PBXFileReference; lastKnownFileType = text.plist.strings; name = en; path = en.lproj/InfoPlist.strings; sourceTree = "<group>"; };
		047E16E5190EACCF0058A0F7 /* main.m */ = {isa = PBXFileReference; lastKnownFileType = sourcecode.c.objc; path = main.m; sourceTree = "<group>"; };
		047E16E7190EACCF0058A0F7 /* UIAlertView-Prefix.pch */ = {isa = PBXFileReference; lastKnownFileType = sourcecode.c.h; path = "UIAlertView-Prefix.pch"; sourceTree = "<group>"; };
		047E16E8190EACCF0058A0F7 /* AlienTechAppDelegate.h */ = {isa = PBXFileReference; lastKnownFileType = sourcecode.c.h; path = AlienTechAppDelegate.h; sourceTree = "<group>"; };
		047E16E9190EACCF0058A0F7 /* AlienTechAppDelegate.m */ = {isa = PBXFileReference; lastKnownFileType = sourcecode.c.objc; path = AlienTechAppDelegate.m; sourceTree = "<group>"; };
		047E16EC190EACCF0058A0F7 /* Base */ = {isa = PBXFileReference; lastKnownFileType = file.storyboard; name = Base; path = Base.lproj/Main.storyboard; sourceTree = "<group>"; };
		047E16EE190EACCF0058A0F7 /* AlienTechViewController.h */ = {isa = PBXFileReference; lastKnownFileType = sourcecode.c.h; path = AlienTechViewController.h; sourceTree = "<group>"; };
		047E16EF190EACCF0058A0F7 /* AlienTechViewController.m */ = {isa = PBXFileReference; lastKnownFileType = sourcecode.c.objc; path = AlienTechViewController.m; sourceTree = "<group>"; };
		047E16F1190EACCF0058A0F7 /* Images.xcassets */ = {isa = PBXFileReference; lastKnownFileType = folder.assetcatalog; path = Images.xcassets; sourceTree = "<group>"; };
		047E16F7190EACCF0058A0F7 /* UIAlertViewTests.xctest */ = {isa = PBXFileReference; explicitFileType = wrapper.cfbundle; includeInIndex = 0; path = UIAlertViewTests.xctest; sourceTree = BUILT_PRODUCTS_DIR; };
		047E16F8190EACCF0058A0F7 /* XCTest.framework */ = {isa = PBXFileReference; lastKnownFileType = wrapper.framework; name = XCTest.framework; path = Library/Frameworks/XCTest.framework; sourceTree = DEVELOPER_DIR; };
		047E1700190EACCF0058A0F7 /* UIAlertViewTests-Info.plist */ = {isa = PBXFileReference; lastKnownFileType = text.plist.xml; path = "UIAlertViewTests-Info.plist"; sourceTree = "<group>"; };
		047E1702190EACCF0058A0F7 /* en */ = {isa = PBXFileReference; lastKnownFileType = text.plist.strings; name = en; path = en.lproj/InfoPlist.strings; sourceTree = "<group>"; };
		047E1704190EACCF0058A0F7 /* UIAletViewTests.m */ = {isa = PBXFileReference; lastKnownFileType = sourcecode.c.objc; path = UIAletViewTests.m; sourceTree = "<group>"; };
/* End PBXFileReference section */

/* Begin PBXFrameworksBuildPhase section */
		047E16D3190EACCF0058A0F7 /* Frameworks */ = {
			isa = PBXFrameworksBuildPhase;
			buildActionMask = 2147483647;
			files = (
				047E16DC190EACCF0058A0F7 /* CoreGraphics.framework in Frameworks */,
				047E16DE190EACCF0058A0F7 /* UIKit.framework in Frameworks */,
				047E16DA190EACCF0058A0F7 /* Foundation.framework in Frameworks */,
			);
			runOnlyForDeploymentPostprocessing = 0;
		};
		047E16F4190EACCF0058A0F7 /* Frameworks */ = {
			isa = PBXFrameworksBuildPhase;
			buildActionMask = 2147483647;
			files = (
				047E16F9190EACCF0058A0F7 /* XCTest.framework in Frameworks */,
				047E16FB190EACCF0058A0F7 /* UIKit.framework in Frameworks */,
				047E16FA190EACCF0058A0F7 /* Foundation.framework in Frameworks */,
			);
			runOnlyForDeploymentPostprocessing = 0;
		};
/* End PBXFrameworksBuildPhase section */

/* Begin PBXGroup section */
		047E16CD190EACCF0058A0F7 = {
			isa = PBXGroup;
			children = (
				047E16DF190EACCF0058A0F7 /* UIAlertView */,
				047E16FE190EACCF0058A0F7 /* UIAlertViewTests */,
				047E16D8190EACCF0058A0F7 /* Frameworks */,
				047E16D7190EACCF0058A0F7 /* Products */,
			);
			sourceTree = "<group>";
		};
		047E16D7190EACCF0058A0F7 /* Products */ = {
			isa = PBXGroup;
			children = (
				047E16D6190EACCF0058A0F7 /* UIAlertView.app */,
				047E16F7190EACCF0058A0F7 /* UIAlertViewTests.xctest */,
			);
			name = Products;
			sourceTree = "<group>";
		};
		047E16D8190EACCF0058A0F7 /* Frameworks */ = {
			isa = PBXGroup;
			children = (
				047E16D9190EACCF0058A0F7 /* Foundation.framework */,
				047E16DB190EACCF0058A0F7 /* CoreGraphics.framework */,
				047E16DD190EACCF0058A0F7 /* UIKit.framework */,
				047E16F8190EACCF0058A0F7 /* XCTest.framework */,
			);
			name = Frameworks;
			sourceTree = "<group>";
		};
		047E16DF190EACCF0058A0F7 /* UIAlertView */ = {
			isa = PBXGroup;
			children = (
				047E16E8190EACCF0058A0F7 /* AlienTechAppDelegate.h */,
				047E16E9190EACCF0058A0F7 /* AlienTechAppDelegate.m */,
				047E16EB190EACCF0058A0F7 /* Main.storyboard */,
				047E16EE190EACCF0058A0F7 /* AlienTechViewController.h */,
				047E16EF190EACCF0058A0F7 /* AlienTechViewController.m */,
				047E16F1190EACCF0058A0F7 /* Images.xcassets */,
				047E16E0190EACCF0058A0F7 /* Supporting Files */,
			);
			name = UIAlertView;
			path = HelloWorld;
			sourceTree = "<group>";
		};
		047E16E0190EACCF0058A0F7 /* Supporting Files */ = {
			isa = PBXGroup;
			children = (
				047E16E1190EACCF0058A0F7 /* UIAlertView-Info.plist */,
				047E16E2190EACCF0058A0F7 /* InfoPlist.strings */,
				047E16E5190EACCF0058A0F7 /* main.m */,
				047E16E7190EACCF0058A0F7 /* UIAlertView-Prefix.pch */,
			);
			name = "Supporting Files";
			sourceTree = "<group>";
		};
		047E16FE190EACCF0058A0F7 /* UIAlertViewTests */ = {
			isa = PBXGroup;
			children = (
				047E1704190EACCF0058A0F7 /* UIAletViewTests.m */,
				047E16FF190EACCF0058A0F7 /* Supporting Files */,
			);
			name = UIAlertViewTests;
			path = HelloWorldTests;
			sourceTree = "<group>";
		};
		047E16FF190EACCF0058A0F7 /* Supporting Files */ = {
			isa = PBXGroup;
			children = (
				047E1700190EACCF0058A0F7 /* UIAlertViewTests-Info.plist */,
				047E1701190EACCF0058A0F7 /* InfoPlist.strings */,
			);
			name = "Supporting Files";
			sourceTree = "<group>";
		};
/* End PBXGroup section */

/* Begin PBXNativeTarget section */
		047E16D5190EACCF0058A0F7 /* UIAlertView */ = {
			isa = PBXNativeTarget;
			buildConfigurationList = 047E1708190EACD00058A0F7 /* Build configuration list for PBXNativeTarget "UIAlertView" */;
			buildPhases = (
				047E16D2190EACCF0058A0F7 /* Sources */,
				047E16D3190EACCF0058A0F7 /* Frameworks */,
				047E16D4190EACCF0058A0F7 /* Resources */,
			);
			buildRules = (
			);
			dependencies = (
			);
			name = UIAlertView;
			productName = HelloWorld;
			productReference = 047E16D6190EACCF0058A0F7 /* UIAlertView.app */;
			productType = "com.apple.product-type.application";
		};
		047E16F6190EACCF0058A0F7 /* UIAlertViewTests */ = {
			isa = PBXNativeTarget;
			buildConfigurationList = 047E170B190EACD00058A0F7 /* Build configuration list for PBXNativeTarget "UIAlertViewTests" */;
			buildPhases = (
				047E16F3190EACCF0058A0F7 /* Sources */,
				047E16F4190EACCF0058A0F7 /* Frameworks */,
				047E16F5190EACCF0058A0F7 /* Resources */,
			);
			buildRules = (
			);
			dependencies = (
				047E16FD190EACCF0058A0F7 /* PBXTargetDependency */,
			);
			name = UIAlertViewTests;
			productName = HelloWorldTests;
			productReference = 047E16F7190EACCF0058A0F7 /* UIAlertViewTests.xctest */;
			productType = "com.apple.product-type.bundle.unit-test";
		};
/* End PBXNativeTarget section */

/* Begin PBXProject section */
		047E16CE190EACCF0058A0F7 /* Project object */ = {
			isa = PBXProject;
			attributes = {
				CLASSPREFIX = AlienTech;
				LastUpgradeCheck = 0500;
				ORGANIZATIONNAME = Jack;
				TargetAttributes = {
					047E16F6190EACCF0058A0F7 = {
						TestTargetID = 047E16D5190EACCF0058A0F7;
					};
				};
			};
			buildConfigurationList = 047E16D1190EACCF0058A0F7 /* Build configuration list for PBXProject "UIAlertView" */;
			compatibilityVersion = "Xcode 3.2";
			developmentRegion = English;
			hasScannedForEncodings = 0;
			knownRegions = (
				en,
				Base,
			);
			mainGroup = 047E16CD190EACCF0058A0F7;
			productRefGroup = 047E16D7190EACCF0058A0F7 /* Products */;
			projectDirPath = "";
			projectRoot = "";
			targets = (
				047E16D5190EACCF0058A0F7 /* UIAlertView */,
				047E16F6190EACCF0058A0F7 /* UIAlertViewTests */,
			);
		};
/* End PBXProject section */

/* Begin PBXResourcesBuildPhase section */
		047E16D4190EACCF0058A0F7 /* Resources */ = {
			isa = PBXResourcesBuildPhase;
			buildActionMask = 2147483647;
			files = (
				047E16F2190EACCF0058A0F7 /* Images.xcassets in Resources */,
				047E16E4190EACCF0058A0F7 /* InfoPlist.strings in Resources */,
				047E16ED190EACCF0058A0F7 /* Main.storyboard in Resources */,
			);
			runOnlyForDeploymentPostprocessing = 0;
		};
		047E16F5190EACCF0058A0F7 /* Resources */ = {
			isa = PBXResourcesBuildPhase;
			buildActionMask = 2147483647;
			files = (
				047E1703190EACCF0058A0F7 /* InfoPlist.strings in Resources */,
			);
			runOnlyForDeploymentPostprocessing = 0;
		};
/* End PBXResourcesBuildPhase section */

/* Begin PBXSourcesBuildPhase section */
		047E16D2190EACCF0058A0F7 /* Sources */ = {
			isa = PBXSourcesBuildPhase;
			buildActionMask = 2147483647;
			files = (
				047E16F0190EACCF0058A0F7 /* AlienTechViewController.m in Sources */,
				047E16EA190EACCF0058A0F7 /* AlienTechAppDelegate.m in Sources */,
				047E16E6190EACCF0058A0F7 /* main.m in Sources */,
			);
			runOnlyForDeploymentPostprocessing = 0;
		};
		047E16F3190EACCF0058A0F7 /* Sources */ = {
			isa = PBXSourcesBuildPhase;
			buildActionMask = 2147483647;
			files = (
				047E1705190EACCF0058A0F7 /* UIAletViewTests.m in Sources */,
			);
			runOnlyForDeploymentPostprocessing = 0;
		};
/* End PBXSourcesBuildPhase section */

/* Begin PBXTargetDependency section */
		047E16FD190EACCF0058A0F7 /* PBXTargetDependency */ = {
			isa = PBXTargetDependency;
			target = 047E16D5190EACCF0058A0F7 /* UIAlertView */;
			targetProxy = 047E16FC190EACCF0058A0F7 /* PBXContainerItemProxy */;
		};
/* End PBXTargetDependency section */

/* Begin PBXVariantGroup section */
		047E16E2190EACCF0058A0F7 /* InfoPlist.strings */ = {
			isa = PBXVariantGroup;
			children = (
				047E16E3190EACCF0058A0F7 /* en */,
			);
			name = InfoPlist.strings;
			sourceTree = "<group>";
		};
		047E16EB190EACCF0058A0F7 /* Main.storyboard */ = {
			isa = PBXVariantGroup;
			children = (
				047E16EC190EACCF0058A0F7 /* Base */,
			);
			name = Main.storyboard;
			sourceTree = "<group>";
		};
		047E1701190EACCF0058A0F7 /* InfoPlist.strings */ = {
			isa = PBXVariantGroup;
			children = (
				047E1702190EACCF0058A0F7 /* en */,
			);
			name = InfoPlist.strings;
			sourceTree = "<group>";
		};
/* End PBXVariantGroup section */

/* Begin XCBuildConfiguration section */
		047E1706190EACCF0058A0F7 /* Debug */ = {
			isa = XCBuildConfiguration;
			buildSettings = {
				ALWAYS_SEARCH_USER_PATHS = NO;
				ARCHS = "$(ARCHS_STANDARD_INCLUDING_64_BIT)";
				CLANG_CXX_LANGUAGE_STANDARD = "gnu++0x";
				CLANG_CXX_LIBRARY = "libc++";
				CLANG_ENABLE_MODULES = YES;
				CLANG_ENABLE_OBJC_ARC = YES;
				CLANG_WARN_BOOL_CONVERSION = YES;
				CLANG_WARN_CONSTANT_CONVERSION = YES;
				CLANG_WARN_DIRECT_OBJC_ISA_USAGE = YES_ERROR;
				CLANG_WARN_EMPTY_BODY = YES;
				CLANG_WARN_ENUM_CONVERSION = YES;
				CLANG_WARN_INT_CONVERSION = YES;
				CLANG_WARN_OBJC_ROOT_CLASS = YES_ERROR;
				CLANG_WARN__DUPLICATE_METHOD_MATCH = YES;
				"CODE_SIGN_IDENTITY[sdk=iphoneos*]" = "iPhone Developer";
				COPY_PHASE_STRIP = NO;
				GCC_C_LANGUAGE_STANDARD = gnu99;
				GCC_DYNAMIC_NO_PIC = NO;
				GCC_OPTIMIZATION_LEVEL = 0;
				GCC_PREPROCESSOR_DEFINITIONS = (
					"DEBUG=1",
					"$(inherited)",
				);
				GCC_SYMBOLS_PRIVATE_EXTERN = NO;
				GCC_WARN_64_TO_32_BIT_CONVERSION = YES;
				GCC_WARN_ABOUT_RETURN_TYPE = YES_ERROR;
				GCC_WARN_UNDECLARED_SELECTOR = YES;
				GCC_WARN_UNINITIALIZED_AUTOS = YES;
				GCC_WARN_UNUSED_FUNCTION = YES;
				GCC_WARN_UNUSED_VARIABLE = YES;
				IPHONEOS_DEPLOYMENT_TARGET = 7.0;
				ONLY_ACTIVE_ARCH = YES;
				SDKROOT = iphoneos;
			};
			name = Debug;
		};
		047E1707190EACCF0058A0F7 /* Release */ = {
			isa = XCBuildConfiguration;
			buildSettings = {
				ALWAYS_SEARCH_USER_PATHS = NO;
				ARCHS = "$(ARCHS_STANDARD_INCLUDING_64_BIT)";
				CLANG_CXX_LANGUAGE_STANDARD = "gnu++0x";
				CLANG_CXX_LIBRARY = "libc++";
				CLANG_ENABLE_MODULES = YES;
				CLANG_ENABLE_OBJC_ARC = YES;
				CLANG_WARN_BOOL_CONVERSION = YES;
				CLANG_WARN_CONSTANT_CONVERSION = YES;
				CLANG_WARN_DIRECT_OBJC_ISA_USAGE = YES_ERROR;
				CLANG_WARN_EMPTY_BODY = YES;
				CLANG_WARN_ENUM_CONVERSION = YES;
				CLANG_WARN_INT_CONVERSION = YES;
				CLANG_WARN_OBJC_ROOT_CLASS = YES_ERROR;
				CLANG_WARN__DUPLICATE_METHOD_MATCH = YES;
				"CODE_SIGN_IDENTITY[sdk=iphoneos*]" = "iPhone Developer";
				COPY_PHASE_STRIP = YES;
				ENABLE_NS_ASSERTIONS = NO;
				GCC_C_LANGUAGE_STANDARD = gnu99;
				GCC_WARN_64_TO_32_BIT_CONVERSION = YES;
				GCC_WARN_ABOUT_RETURN_TYPE = YES_ERROR;
				GCC_WARN_UNDECLARED_SELECTOR = YES;
				GCC_WARN_UNINITIALIZED_AUTOS = YES;
				GCC_WARN_UNUSED_FUNCTION = YES;
				GCC_WARN_UNUSED_VARIABLE = YES;
				IPHONEOS_DEPLOYMENT_TARGET = 7.0;
				SDKROOT = iphoneos;
				VALIDATE_PRODUCT = YES;
			};
			name = Release;
		};
		047E1709190EACD00058A0F7 /* Debug */ = {
			isa = XCBuildConfiguration;
			buildSettings = {
				ASSETCATALOG_COMPILER_APPICON_NAME = AppIcon;
				ASSETCATALOG_COMPILER_LAUNCHIMAGE_NAME = LaunchImage;
				FRAMEWORK_SEARCH_PATHS = (
					"$(inherited)",
					"$(DEVELOPER_FRAMEWORKS_DIR)",
				);
				GCC_PRECOMPILE_PREFIX_HEADER = YES;
				GCC_PREFIX_HEADER = "HelloWorld/UIAlertView-Prefix.pch";
				INFOPLIST_FILE = "HelloWorld/UIAlertView-Info.plist";
				PRODUCT_NAME = UIAlertView;
				WRAPPER_EXTENSION = app;
			};
			name = Debug;
		};
		047E170A190EACD00058A0F7 /* Release */ = {
			isa = XCBuildConfiguration;
			buildSettings = {
				ASSETCATALOG_COMPILER_APPICON_NAME = AppIcon;
				ASSETCATALOG_COMPILER_LAUNCHIMAGE_NAME = LaunchImage;
				FRAMEWORK_SEARCH_PATHS = (
					"$(inherited)",
					"$(DEVELOPER_FRAMEWORKS_DIR)",
				);
				GCC_PRECOMPILE_PREFIX_HEADER = YES;
				GCC_PREFIX_HEADER = "HelloWorld/UIAlertView-Prefix.pch";
				INFOPLIST_FILE = "HelloWorld/UIAlertView-Info.plist";
				PRODUCT_NAME = UIAlertView;
				WRAPPER_EXTENSION = app;
			};
			name = Release;
		};
		047E170C190EACD00058A0F7 /* Debug */ = {
			isa = XCBuildConfiguration;
			buildSettings = {
				ARCHS = "$(ARCHS_STANDARD_INCLUDING_64_BIT)";
				BUNDLE_LOADER = "$(BUILT_PRODUCTS_DIR)/HelloWorld.app/HelloWorld";
				FRAMEWORK_SEARCH_PATHS = (
					"$(SDKROOT)/Developer/Library/Frameworks",
					"$(inherited)",
					"$(DEVELOPER_FRAMEWORKS_DIR)",
				);
				GCC_PRECOMPILE_PREFIX_HEADER = YES;
				GCC_PREFIX_HEADER = "HelloWorld/HelloWorld-Prefix.pch";
				GCC_PREPROCESSOR_DEFINITIONS = (
					"DEBUG=1",
					"$(inherited)",
				);
				INFOPLIST_FILE = "HelloWorldTests/UIAlertViewTests-Info.plist";
				PRODUCT_NAME = UIAlertViewTests;
				TEST_HOST = "$(BUNDLE_LOADER)";
				WRAPPER_EXTENSION = xctest;
			};
			name = Debug;
		};
		047E170D190EACD00058A0F7 /* Release */ = {
			isa = XCBuildConfiguration;
			buildSettings = {
				ARCHS = "$(ARCHS_STANDARD_INCLUDING_64_BIT)";
				BUNDLE_LOADER = "$(BUILT_PRODUCTS_DIR)/HelloWorld.app/HelloWorld";
				FRAMEWORK_SEARCH_PATHS = (
					"$(SDKROOT)/Developer/Library/Frameworks",
					"$(inherited)",
					"$(DEVELOPER_FRAMEWORKS_DIR)",
				);
				GCC_PRECOMPILE_PREFIX_HEADER = YES;
				GCC_PREFIX_HEADER = "HelloWorld/HelloWorld-Prefix.pch";
				INFOPLIST_FILE = "HelloWorldTests/UIAlertViewTests-Info.plist";
				PRODUCT_NAME = UIAlertViewTests;
				TEST_HOST = "$(BUNDLE_LOADER)";
				WRAPPER_EXTENSION = xctest;
			};
			name = Release;
		};
/* End XCBuildConfiguration section */

/* Begin XCConfigurationList section */
		047E16D1190EACCF0058A0F7 /* Build configuration list for PBXProject "UIAlertView" */ = {
			isa = XCConfigurationList;
			buildConfigurations = (
				047E1706190EACCF0058A0F7 /* Debug */,
				047E1707190EACCF0058A0F7 /* Release */,
			);
			defaultConfigurationIsVisible = 0;
			defaultConfigurationName = Release;
		};
		047E1708190EACD00058A0F7 /* Build configuration list for PBXNativeTarget "UIAlertView" */ = {
			isa = XCConfigurationList;
			buildConfigurations = (
				047E1709190EACD00058A0F7 /* Debug */,
				047E170A190EACD00058A0F7 /* Release */,
			);
			defaultConfigurationIsVisible = 0;
			defaultConfigurationName = Release;
		};
		047E170B190EACD00058A0F7 /* Build configuration list for PBXNativeTarget "UIAlertViewTests" */ = {
			isa = XCConfigurationList;
			buildConfigurations = (
				047E170C190EACD00058A0F7 /* Debug */,
				047E170D190EACD00058A0F7 /* Release */,
			);
			defaultConfigurationIsVisible = 0;
			defaultConfigurationName = Release;
		};
/* End XCConfigurationList section */
	};
	rootObject = 047E16CE190EACCF0058A0F7 /* Project object */;
}
