// !$*UTF8*$!
{
	archiveVersion = 1;
	classes = {
	};
	objectVersion = 46;
	objects = {

/* Begin PBXBuildFile section */
		048BBF07192EF95900F10875 /* Foundation.framework in Frameworks */ = {isa = PBXBuildFile; fileRef = 048BBF06192EF95900F10875 /* Foundation.framework */; };
		048BBF09192EF95900F10875 /* CoreGraphics.framework in Frameworks */ = {isa = PBXBuildFile; fileRef = 048BBF08192EF95900F10875 /* CoreGraphics.framework */; };
		048BBF0B192EF95900F10875 /* UIKit.framework in Frameworks */ = {isa = PBXBuildFile; fileRef = 048BBF0A192EF95900F10875 /* UIKit.framework */; };
		048BBF11192EF95900F10875 /* InfoPlist.strings in Resources */ = {isa = PBXBuildFile; fileRef = 048BBF0F192EF95900F10875 /* InfoPlist.strings */; };
		048BBF13192EF95900F10875 /* main.m in Sources */ = {isa = PBXBuildFile; fileRef = 048BBF12192EF95900F10875 /* main.m */; };
		048BBF17192EF95900F10875 /* AlienTechAppDelegate.m in Sources */ = {isa = PBXBuildFile; fileRef = 048BBF16192EF95900F10875 /* AlienTechAppDelegate.m */; };
		048BBF1A192EF95900F10875 /* Main.storyboard in Resources */ = {isa = PBXBuildFile; fileRef = 048BBF18192EF95900F10875 /* Main.storyboard */; };
		048BBF1D192EF95900F10875 /* AlienTechViewController.m in Sources */ = {isa = PBXBuildFile; fileRef = 048BBF1C192EF95900F10875 /* AlienTechViewController.m */; };
		048BBF1F192EF95900F10875 /* Images.xcassets in Resources */ = {isa = PBXBuildFile; fileRef = 048BBF1E192EF95900F10875 /* Images.xcassets */; };
		048BBF26192EF95900F10875 /* XCTest.framework in Frameworks */ = {isa = PBXBuildFile; fileRef = 048BBF25192EF95900F10875 /* XCTest.framework */; };
		048BBF27192EF95900F10875 /* Foundation.framework in Frameworks */ = {isa = PBXBuildFile; fileRef = 048BBF06192EF95900F10875 /* Foundation.framework */; };
		048BBF28192EF95900F10875 /* UIKit.framework in Frameworks */ = {isa = PBXBuildFile; fileRef = 048BBF0A192EF95900F10875 /* UIKit.framework */; };
		048BBF30192EF95900F10875 /* InfoPlist.strings in Resources */ = {isa = PBXBuildFile; fileRef = 048BBF2E192EF95900F10875 /* InfoPlist.strings */; };
		048BBF32192EF95900F10875 /* SecondMusicPlayerTests.m in Sources */ = {isa = PBXBuildFile; fileRef = 048BBF31192EF95900F10875 /* SecondMusicPlayerTests.m */; };
		048BBF3C192F200800F10875 /* bubble.mp3 in Resources */ = {isa = PBXBuildFile; fileRef = 048BBF3B192F200800F10875 /* bubble.mp3 */; };
/* End PBXBuildFile section */

/* Begin PBXContainerItemProxy section */
		048BBF29192EF95900F10875 /* PBXContainerItemProxy */ = {
			isa = PBXContainerItemProxy;
			containerPortal = 048BBEFB192EF95900F10875 /* Project object */;
			proxyType = 1;
			remoteGlobalIDString = 048BBF02192EF95900F10875;
			remoteInfo = SecondMusicPlayer;
		};
/* End PBXContainerItemProxy section */

/* Begin PBXFileReference section */
		048BBF03192EF95900F10875 /* SecondMusicPlayer.app */ = {isa = PBXFileReference; explicitFileType = wrapper.application; includeInIndex = 0; path = SecondMusicPlayer.app; sourceTree = BUILT_PRODUCTS_DIR; };
		048BBF06192EF95900F10875 /* Foundation.framework */ = {isa = PBXFileReference; lastKnownFileType = wrapper.framework; name = Foundation.framework; path = Library/Frameworks/Foundation.framework; sourceTree = DEVELOPER_DIR; };
		048BBF08192EF95900F10875 /* CoreGraphics.framework */ = {isa = PBXFileReference; lastKnownFileType = wrapper.framework; name = CoreGraphics.framework; path = Library/Frameworks/CoreGraphics.framework; sourceTree = DEVELOPER_DIR; };
		048BBF0A192EF95900F10875 /* UIKit.framework */ = {isa = PBXFileReference; lastKnownFileType = wrapper.framework; name = UIKit.framework; path = Library/Frameworks/UIKit.framework; sourceTree = DEVELOPER_DIR; };
		048BBF0E192EF95900F10875 /* SecondMusicPlayer-Info.plist */ = {isa = PBXFileReference; lastKnownFileType = text.plist.xml; path = "SecondMusicPlayer-Info.plist"; sourceTree = "<group>"; };
		048BBF10192EF95900F10875 /* en */ = {isa = PBXFileReference; lastKnownFileType = text.plist.strings; name = en; path = en.lproj/InfoPlist.strings; sourceTree = "<group>"; };
		048BBF12192EF95900F10875 /* main.m */ = {isa = PBXFileReference; lastKnownFileType = sourcecode.c.objc; path = main.m; sourceTree = "<group>"; };
		048BBF14192EF95900F10875 /* SecondMusicPlayer-Prefix.pch */ = {isa = PBXFileReference; lastKnownFileType = sourcecode.c.h; path = "SecondMusicPlayer-Prefix.pch"; sourceTree = "<group>"; };
		048BBF15192EF95900F10875 /* AlienTechAppDelegate.h */ = {isa = PBXFileReference; lastKnownFileType = sourcecode.c.h; path = AlienTechAppDelegate.h; sourceTree = "<group>"; };
		048BBF16192EF95900F10875 /* AlienTechAppDelegate.m */ = {isa = PBXFileReference; lastKnownFileType = sourcecode.c.objc; path = AlienTechAppDelegate.m; sourceTree = "<group>"; };
		048BBF19192EF95900F10875 /* Base */ = {isa = PBXFileReference; lastKnownFileType = file.storyboard; name = Base; path = Base.lproj/Main.storyboard; sourceTree = "<group>"; };
		048BBF1B192EF95900F10875 /* AlienTechViewController.h */ = {isa = PBXFileReference; lastKnownFileType = sourcecode.c.h; path = AlienTechViewController.h; sourceTree = "<group>"; };
		048BBF1C192EF95900F10875 /* AlienTechViewController.m */ = {isa = PBXFileReference; lastKnownFileType = sourcecode.c.objc; path = AlienTechViewController.m; sourceTree = "<group>"; };
		048BBF1E192EF95900F10875 /* Images.xcassets */ = {isa = PBXFileReference; lastKnownFileType = folder.assetcatalog; path = Images.xcassets; sourceTree = "<group>"; };
		048BBF24192EF95900F10875 /* SecondMusicPlayerTests.xctest */ = {isa = PBXFileReference; explicitFileType = wrapper.cfbundle; includeInIndex = 0; path = SecondMusicPlayerTests.xctest; sourceTree = BUILT_PRODUCTS_DIR; };
		048BBF25192EF95900F10875 /* XCTest.framework */ = {isa = PBXFileReference; lastKnownFileType = wrapper.framework; name = XCTest.framework; path = Library/Frameworks/XCTest.framework; sourceTree = DEVELOPER_DIR; };
		048BBF2D192EF95900F10875 /* SecondMusicPlayerTests-Info.plist */ = {isa = PBXFileReference; lastKnownFileType = text.plist.xml; path = "SecondMusicPlayerTests-Info.plist"; sourceTree = "<group>"; };
		048BBF2F192EF95900F10875 /* en */ = {isa = PBXFileReference; lastKnownFileType = text.plist.strings; name = en; path = en.lproj/InfoPlist.strings; sourceTree = "<group>"; };
		048BBF31192EF95900F10875 /* SecondMusicPlayerTests.m */ = {isa = PBXFileReference; lastKnownFileType = sourcecode.c.objc; path = SecondMusicPlayerTests.m; sourceTree = "<group>"; };
		048BBF3B192F200800F10875 /* bubble.mp3 */ = {isa = PBXFileReference; lastKnownFileType = audio.mp3; path = bubble.mp3; sourceTree = "<group>"; };
/* End PBXFileReference section */

/* Begin PBXFrameworksBuildPhase section */
		048BBF00192EF95900F10875 /* Frameworks */ = {
			isa = PBXFrameworksBuildPhase;
			buildActionMask = 2147483647;
			files = (
				048BBF09192EF95900F10875 /* CoreGraphics.framework in Frameworks */,
				048BBF0B192EF95900F10875 /* UIKit.framework in Frameworks */,
				048BBF07192EF95900F10875 /* Foundation.framework in Frameworks */,
			);
			runOnlyForDeploymentPostprocessing = 0;
		};
		048BBF21192EF95900F10875 /* Frameworks */ = {
			isa = PBXFrameworksBuildPhase;
			buildActionMask = 2147483647;
			files = (
				048BBF26192EF95900F10875 /* XCTest.framework in Frameworks */,
				048BBF28192EF95900F10875 /* UIKit.framework in Frameworks */,
				048BBF27192EF95900F10875 /* Foundation.framework in Frameworks */,
			);
			runOnlyForDeploymentPostprocessing = 0;
		};
/* End PBXFrameworksBuildPhase section */

/* Begin PBXGroup section */
		048BBEFA192EF95900F10875 = {
			isa = PBXGroup;
			children = (
				048BBF0C192EF95900F10875 /* SecondMusicPlayer */,
				048BBF2B192EF95900F10875 /* SecondMusicPlayerTests */,
				048BBF05192EF95900F10875 /* Frameworks */,
				048BBF04192EF95900F10875 /* Products */,
			);
			sourceTree = "<group>";
		};
		048BBF04192EF95900F10875 /* Products */ = {
			isa = PBXGroup;
			children = (
				048BBF03192EF95900F10875 /* SecondMusicPlayer.app */,
				048BBF24192EF95900F10875 /* SecondMusicPlayerTests.xctest */,
			);
			name = Products;
			sourceTree = "<group>";
		};
		048BBF05192EF95900F10875 /* Frameworks */ = {
			isa = PBXGroup;
			children = (
				048BBF06192EF95900F10875 /* Foundation.framework */,
				048BBF08192EF95900F10875 /* CoreGraphics.framework */,
				048BBF0A192EF95900F10875 /* UIKit.framework */,
				048BBF25192EF95900F10875 /* XCTest.framework */,
			);
			name = Frameworks;
			sourceTree = "<group>";
		};
		048BBF0C192EF95900F10875 /* SecondMusicPlayer */ = {
			isa = PBXGroup;
			children = (
				048BBF15192EF95900F10875 /* AlienTechAppDelegate.h */,
				048BBF16192EF95900F10875 /* AlienTechAppDelegate.m */,
				048BBF18192EF95900F10875 /* Main.storyboard */,
				048BBF1B192EF95900F10875 /* AlienTechViewController.h */,
				048BBF1C192EF95900F10875 /* AlienTechViewController.m */,
				048BBF1E192EF95900F10875 /* Images.xcassets */,
				048BBF0D192EF95900F10875 /* Supporting Files */,
			);
			path = SecondMusicPlayer;
			sourceTree = "<group>";
		};
		048BBF0D192EF95900F10875 /* Supporting Files */ = {
			isa = PBXGroup;
			children = (
				048BBF3B192F200800F10875 /* bubble.mp3 */,
				048BBF0E192EF95900F10875 /* SecondMusicPlayer-Info.plist */,
				048BBF0F192EF95900F10875 /* InfoPlist.strings */,
				048BBF12192EF95900F10875 /* main.m */,
				048BBF14192EF95900F10875 /* SecondMusicPlayer-Prefix.pch */,
			);
			name = "Supporting Files";
			sourceTree = "<group>";
		};
		048BBF2B192EF95900F10875 /* SecondMusicPlayerTests */ = {
			isa = PBXGroup;
			children = (
				048BBF31192EF95900F10875 /* SecondMusicPlayerTests.m */,
				048BBF2C192EF95900F10875 /* Supporting Files */,
			);
			path = SecondMusicPlayerTests;
			sourceTree = "<group>";
		};
		048BBF2C192EF95900F10875 /* Supporting Files */ = {
			isa = PBXGroup;
			children = (
				048BBF2D192EF95900F10875 /* SecondMusicPlayerTests-Info.plist */,
				048BBF2E192EF95900F10875 /* InfoPlist.strings */,
			);
			name = "Supporting Files";
			sourceTree = "<group>";
		};
/* End PBXGroup section */

/* Begin PBXNativeTarget section */
		048BBF02192EF95900F10875 /* SecondMusicPlayer */ = {
			isa = PBXNativeTarget;
			buildConfigurationList = 048BBF35192EF95900F10875 /* Build configuration list for PBXNativeTarget "SecondMusicPlayer" */;
			buildPhases = (
				048BBEFF192EF95900F10875 /* Sources */,
				048BBF00192EF95900F10875 /* Frameworks */,
				048BBF01192EF95900F10875 /* Resources */,
			);
			buildRules = (
			);
			dependencies = (
			);
			name = SecondMusicPlayer;
			productName = SecondMusicPlayer;
			productReference = 048BBF03192EF95900F10875 /* SecondMusicPlayer.app */;
			productType = "com.apple.product-type.application";
		};
		048BBF23192EF95900F10875 /* SecondMusicPlayerTests */ = {
			isa = PBXNativeTarget;
			buildConfigurationList = 048BBF38192EF95900F10875 /* Build configuration list for PBXNativeTarget "SecondMusicPlayerTests" */;
			buildPhases = (
				048BBF20192EF95900F10875 /* Sources */,
				048BBF21192EF95900F10875 /* Frameworks */,
				048BBF22192EF95900F10875 /* Resources */,
			);
			buildRules = (
			);
			dependencies = (
				048BBF2A192EF95900F10875 /* PBXTargetDependency */,
			);
			name = SecondMusicPlayerTests;
			productName = SecondMusicPlayerTests;
			productReference = 048BBF24192EF95900F10875 /* SecondMusicPlayerTests.xctest */;
			productType = "com.apple.product-type.bundle.unit-test";
		};
/* End PBXNativeTarget section */

/* Begin PBXProject section */
		048BBEFB192EF95900F10875 /* Project object */ = {
			isa = PBXProject;
			attributes = {
				CLASSPREFIX = AlienTech;
				LastUpgradeCheck = 0500;
				ORGANIZATIONNAME = Jack;
				TargetAttributes = {
					048BBF23192EF95900F10875 = {
						TestTargetID = 048BBF02192EF95900F10875;
					};
				};
			};
			buildConfigurationList = 048BBEFE192EF95900F10875 /* Build configuration list for PBXProject "SecondMusicPlayer" */;
			compatibilityVersion = "Xcode 3.2";
			developmentRegion = English;
			hasScannedForEncodings = 0;
			knownRegions = (
				en,
				Base,
			);
			mainGroup = 048BBEFA192EF95900F10875;
			productRefGroup = 048BBF04192EF95900F10875 /* Products */;
			projectDirPath = "";
			projectRoot = "";
			targets = (
				048BBF02192EF95900F10875 /* SecondMusicPlayer */,
				048BBF23192EF95900F10875 /* SecondMusicPlayerTests */,
			);
		};
/* End PBXProject section */

/* Begin PBXResourcesBuildPhase section */
		048BBF01192EF95900F10875 /* Resources */ = {
			isa = PBXResourcesBuildPhase;
			buildActionMask = 2147483647;
			files = (
				048BBF3C192F200800F10875 /* bubble.mp3 in Resources */,
				048BBF1F192EF95900F10875 /* Images.xcassets in Resources */,
				048BBF11192EF95900F10875 /* InfoPlist.strings in Resources */,
				048BBF1A192EF95900F10875 /* Main.storyboard in Resources */,
			);
			runOnlyForDeploymentPostprocessing = 0;
		};
		048BBF22192EF95900F10875 /* Resources */ = {
			isa = PBXResourcesBuildPhase;
			buildActionMask = 2147483647;
			files = (
				048BBF30192EF95900F10875 /* InfoPlist.strings in Resources */,
			);
			runOnlyForDeploymentPostprocessing = 0;
		};
/* End PBXResourcesBuildPhase section */

/* Begin PBXSourcesBuildPhase section */
		048BBEFF192EF95900F10875 /* Sources */ = {
			isa = PBXSourcesBuildPhase;
			buildActionMask = 2147483647;
			files = (
				048BBF1D192EF95900F10875 /* AlienTechViewController.m in Sources */,
				048BBF17192EF95900F10875 /* AlienTechAppDelegate.m in Sources */,
				048BBF13192EF95900F10875 /* main.m in Sources */,
			);
			runOnlyForDeploymentPostprocessing = 0;
		};
		048BBF20192EF95900F10875 /* Sources */ = {
			isa = PBXSourcesBuildPhase;
			buildActionMask = 2147483647;
			files = (
				048BBF32192EF95900F10875 /* SecondMusicPlayerTests.m in Sources */,
			);
			runOnlyForDeploymentPostprocessing = 0;
		};
/* End PBXSourcesBuildPhase section */

/* Begin PBXTargetDependency section */
		048BBF2A192EF95900F10875 /* PBXTargetDependency */ = {
			isa = PBXTargetDependency;
			target = 048BBF02192EF95900F10875 /* SecondMusicPlayer */;
			targetProxy = 048BBF29192EF95900F10875 /* PBXContainerItemProxy */;
		};
/* End PBXTargetDependency section */

/* Begin PBXVariantGroup section */
		048BBF0F192EF95900F10875 /* InfoPlist.strings */ = {
			isa = PBXVariantGroup;
			children = (
				048BBF10192EF95900F10875 /* en */,
			);
			name = InfoPlist.strings;
			sourceTree = "<group>";
		};
		048BBF18192EF95900F10875 /* Main.storyboard */ = {
			isa = PBXVariantGroup;
			children = (
				048BBF19192EF95900F10875 /* Base */,
			);
			name = Main.storyboard;
			sourceTree = "<group>";
		};
		048BBF2E192EF95900F10875 /* InfoPlist.strings */ = {
			isa = PBXVariantGroup;
			children = (
				048BBF2F192EF95900F10875 /* en */,
			);
			name = InfoPlist.strings;
			sourceTree = "<group>";
		};
/* End PBXVariantGroup section */

/* Begin XCBuildConfiguration section */
		048BBF33192EF95900F10875 /* Debug */ = {
			isa = XCBuildConfiguration;
			buildSettings = {
				ALWAYS_SEARCH_USER_PATHS = NO;
				ARCHS = "$(ARCHS_STANDARD_INCLUDING_64_BIT)";
				CLANG_CXX_LANGUAGE_STANDARD = "gnu++0x";
				CLANG_CXX_LIBRARY = "libc++";
				CLANG_ENABLE_MODULES = YES;
				CLANG_ENABLE_OBJC_ARC = YES;
				CLANG_WARN_BOOL_CONVERSION = YES;
				CLANG_WARN_CONSTANT_CONVERSION = YES;
				CLANG_WARN_DIRECT_OBJC_ISA_USAGE = YES_ERROR;
				CLANG_WARN_EMPTY_BODY = YES;
				CLANG_WARN_ENUM_CONVERSION = YES;
				CLANG_WARN_INT_CONVERSION = YES;
				CLANG_WARN_OBJC_ROOT_CLASS = YES_ERROR;
				CLANG_WARN__DUPLICATE_METHOD_MATCH = YES;
				"CODE_SIGN_IDENTITY[sdk=iphoneos*]" = "iPhone Developer";
				COPY_PHASE_STRIP = NO;
				GCC_C_LANGUAGE_STANDARD = gnu99;
				GCC_DYNAMIC_NO_PIC = NO;
				GCC_OPTIMIZATION_LEVEL = 0;
				GCC_PREPROCESSOR_DEFINITIONS = (
					"DEBUG=1",
					"$(inherited)",
				);
				GCC_SYMBOLS_PRIVATE_EXTERN = NO;
				GCC_WARN_64_TO_32_BIT_CONVERSION = YES;
				GCC_WARN_ABOUT_RETURN_TYPE = YES_ERROR;
				GCC_WARN_UNDECLARED_SELECTOR = YES;
				GCC_WARN_UNINITIALIZED_AUTOS = YES;
				GCC_WARN_UNUSED_FUNCTION = YES;
				GCC_WARN_UNUSED_VARIABLE = YES;
				IPHONEOS_DEPLOYMENT_TARGET = 7.0;
				ONLY_ACTIVE_ARCH = YES;
				SDKROOT = iphoneos;
			};
			name = Debug;
		};
		048BBF34192EF95900F10875 /* Release */ = {
			isa = XCBuildConfiguration;
			buildSettings = {
				ALWAYS_SEARCH_USER_PATHS = NO;
				ARCHS = "$(ARCHS_STANDARD_INCLUDING_64_BIT)";
				CLANG_CXX_LANGUAGE_STANDARD = "gnu++0x";
				CLANG_CXX_LIBRARY = "libc++";
				CLANG_ENABLE_MODULES = YES;
				CLANG_ENABLE_OBJC_ARC = YES;
				CLANG_WARN_BOOL_CONVERSION = YES;
				CLANG_WARN_CONSTANT_CONVERSION = YES;
				CLANG_WARN_DIRECT_OBJC_ISA_USAGE = YES_ERROR;
				CLANG_WARN_EMPTY_BODY = YES;
				CLANG_WARN_ENUM_CONVERSION = YES;
				CLANG_WARN_INT_CONVERSION = YES;
				CLANG_WARN_OBJC_ROOT_CLASS = YES_ERROR;
				CLANG_WARN__DUPLICATE_METHOD_MATCH = YES;
				"CODE_SIGN_IDENTITY[sdk=iphoneos*]" = "iPhone Developer";
				COPY_PHASE_STRIP = YES;
				ENABLE_NS_ASSERTIONS = NO;
				GCC_C_LANGUAGE_STANDARD = gnu99;
				GCC_WARN_64_TO_32_BIT_CONVERSION = YES;
				GCC_WARN_ABOUT_RETURN_TYPE = YES_ERROR;
				GCC_WARN_UNDECLARED_SELECTOR = YES;
				GCC_WARN_UNINITIALIZED_AUTOS = YES;
				GCC_WARN_UNUSED_FUNCTION = YES;
				GCC_WARN_UNUSED_VARIABLE = YES;
				IPHONEOS_DEPLOYMENT_TARGET = 7.0;
				SDKROOT = iphoneos;
				VALIDATE_PRODUCT = YES;
			};
			name = Release;
		};
		048BBF36192EF95900F10875 /* Debug */ = {
			isa = XCBuildConfiguration;
			buildSettings = {
				ASSETCATALOG_COMPILER_APPICON_NAME = AppIcon;
				ASSETCATALOG_COMPILER_LAUNCHIMAGE_NAME = LaunchImage;
				FRAMEWORK_SEARCH_PATHS = (
					"$(inherited)",
					"$(DEVELOPER_FRAMEWORKS_DIR)",
				);
				GCC_PRECOMPILE_PREFIX_HEADER = YES;
				GCC_PREFIX_HEADER = "SecondMusicPlayer/SecondMusicPlayer-Prefix.pch";
				INFOPLIST_FILE = "SecondMusicPlayer/SecondMusicPlayer-Info.plist";
				PRODUCT_NAME = "$(TARGET_NAME)";
				WRAPPER_EXTENSION = app;
			};
			name = Debug;
		};
		048BBF37192EF95900F10875 /* Release */ = {
			isa = XCBuildConfiguration;
			buildSettings = {
				ASSETCATALOG_COMPILER_APPICON_NAME = AppIcon;
				ASSETCATALOG_COMPILER_LAUNCHIMAGE_NAME = LaunchImage;
				FRAMEWORK_SEARCH_PATHS = (
					"$(inherited)",
					"$(DEVELOPER_FRAMEWORKS_DIR)",
				);
				GCC_PRECOMPILE_PREFIX_HEADER = YES;
				GCC_PREFIX_HEADER = "SecondMusicPlayer/SecondMusicPlayer-Prefix.pch";
				INFOPLIST_FILE = "SecondMusicPlayer/SecondMusicPlayer-Info.plist";
				PRODUCT_NAME = "$(TARGET_NAME)";
				WRAPPER_EXTENSION = app;
			};
			name = Release;
		};
		048BBF39192EF95900F10875 /* Debug */ = {
			isa = XCBuildConfiguration;
			buildSettings = {
				ARCHS = "$(ARCHS_STANDARD_INCLUDING_64_BIT)";
				BUNDLE_LOADER = "$(BUILT_PRODUCTS_DIR)/SecondMusicPlayer.app/SecondMusicPlayer";
				FRAMEWORK_SEARCH_PATHS = (
					"$(SDKROOT)/Developer/Library/Frameworks",
					"$(inherited)",
					"$(DEVELOPER_FRAMEWORKS_DIR)",
				);
				GCC_PRECOMPILE_PREFIX_HEADER = YES;
				GCC_PREFIX_HEADER = "SecondMusicPlayer/SecondMusicPlayer-Prefix.pch";
				GCC_PREPROCESSOR_DEFINITIONS = (
					"DEBUG=1",
					"$(inherited)",
				);
				INFOPLIST_FILE = "SecondMusicPlayerTests/SecondMusicPlayerTests-Info.plist";
				PRODUCT_NAME = "$(TARGET_NAME)";
				TEST_HOST = "$(BUNDLE_LOADER)";
				WRAPPER_EXTENSION = xctest;
			};
			name = Debug;
		};
		048BBF3A192EF95900F10875 /* Release */ = {
			isa = XCBuildConfiguration;
			buildSettings = {
				ARCHS = "$(ARCHS_STANDARD_INCLUDING_64_BIT)";
				BUNDLE_LOADER = "$(BUILT_PRODUCTS_DIR)/SecondMusicPlayer.app/SecondMusicPlayer";
				FRAMEWORK_SEARCH_PATHS = (
					"$(SDKROOT)/Developer/Library/Frameworks",
					"$(inherited)",
					"$(DEVELOPER_FRAMEWORKS_DIR)",
				);
				GCC_PRECOMPILE_PREFIX_HEADER = YES;
				GCC_PREFIX_HEADER = "SecondMusicPlayer/SecondMusicPlayer-Prefix.pch";
				INFOPLIST_FILE = "SecondMusicPlayerTests/SecondMusicPlayerTests-Info.plist";
				PRODUCT_NAME = "$(TARGET_NAME)";
				TEST_HOST = "$(BUNDLE_LOADER)";
				WRAPPER_EXTENSION = xctest;
			};
			name = Release;
		};
/* End XCBuildConfiguration section */

/* Begin XCConfigurationList section */
		048BBEFE192EF95900F10875 /* Build configuration list for PBXProject "SecondMusicPlayer" */ = {
			isa = XCConfigurationList;
			buildConfigurations = (
				048BBF33192EF95900F10875 /* Debug */,
				048BBF34192EF95900F10875 /* Release */,
			);
			defaultConfigurationIsVisible = 0;
			defaultConfigurationName = Release;
		};
		048BBF35192EF95900F10875 /* Build configuration list for PBXNativeTarget "SecondMusicPlayer" */ = {
			isa = XCConfigurationList;
			buildConfigurations = (
				048BBF36192EF95900F10875 /* Debug */,
				048BBF37192EF95900F10875 /* Release */,
			);
			defaultConfigurationIsVisible = 0;
			defaultConfigurationName = Release;
		};
		048BBF38192EF95900F10875 /* Build configuration list for PBXNativeTarget "SecondMusicPlayerTests" */ = {
			isa = XCConfigurationList;
			buildConfigurations = (
				048BBF39192EF95900F10875 /* Debug */,
				048BBF3A192EF95900F10875 /* Release */,
			);
			defaultConfigurationIsVisible = 0;
			defaultConfigurationName = Release;
		};
/* End XCConfigurationList section */
	};
	rootObject = 048BBEFB192EF95900F10875 /* Project object */;
}
